
Microsoft Visual Studio Solution File, Format Version 12.00
# Visual Studio Version 16
VisualStudioVersion = 16.0.28729.10
MinimumVisualStudioVersion = 10.0.40219.1
Project("{FAE04EC0-301F-11D3-BF4B-00C04F79EFBC}") = "R2PrimaryFinancialSystem", "R2PrimaryFinancialSystem\R2PrimaryFinancialSystem.csproj", "{D47BF011-4F47-44DF-8DEE-B1C9E49CA050}"
EndProject
Project("{FAE04EC0-301F-11D3-BF4B-00C04F79EFBC}") = "R2CoreFinancialSystem", "R2CoreFinancialSystem\R2CoreFinancialSystem.csproj", "{9B6F4605-E8C9-4FA8-AEC5-592B370197B6}"
EndProject
Global
	GlobalSection(SolutionConfigurationPlatforms) = preSolution
		Debug|Any CPU = Debug|Any CPU
		Release|Any CPU = Release|Any CPU
	EndGlobalSection
	GlobalSection(ProjectConfigurationPlatforms) = postSolution
		{D47BF011-4F47-44DF-8DEE-B1C9E49CA050}.Debug|Any CPU.ActiveCfg = Debug|Any CPU
		{D47BF011-4F47-44DF-8DEE-B1C9E49CA050}.Debug|Any CPU.Build.0 = Debug|Any CPU
		{D47BF011-4F47-44DF-8DEE-B1C9E49CA050}.Release|Any CPU.ActiveCfg = Release|Any CPU
		{D47BF011-4F47-44DF-8DEE-B1C9E49CA050}.Release|Any CPU.Build.0 = Release|Any CPU
		{9B6F4605-E8C9-4FA8-AEC5-592B370197B6}.Debug|Any CPU.ActiveCfg = Debug|Any CPU
		{9B6F4605-E8C9-4FA8-AEC5-592B370197B6}.Debug|Any CPU.Build.0 = Debug|Any CPU
		{9B6F4605-E8C9-4FA8-AEC5-592B370197B6}.Release|Any CPU.ActiveCfg = Release|Any CPU
		{9B6F4605-E8C9-4FA8-AEC5-592B370197B6}.Release|Any CPU.Build.0 = Release|Any CPU
	EndGlobalSection
	GlobalSection(SolutionProperties) = preSolution
		HideSolutionNode = FALSE
	EndGlobalSection
	GlobalSection(ExtensibilityGlobals) = postSolution
		SolutionGuid = {19CB012D-D98C-41A1-8C3A-2CD5F45B127C}
	EndGlobalSection
EndGlobal
